
Microsoft Visual Studio Solution File, Format Version 12.00
# Visual Studio 2012
Project("{FAE04EC0-301F-11D3-BF4B-00C04F79EFBC}") = "MyCalculatorv1", "MyCalculator.csproj", "{3C9D91E9-6FF1-473C-9FE6-DE3EBF31647C}"
EndProject
Global
	GlobalSection(SolutionConfigurationPlatforms) = preSolution
		Debug|Any CPU = Debug|Any CPU
		Release|Any CPU = Release|Any CPU
	EndGlobalSection
	GlobalSection(ProjectConfigurationPlatforms) = postSolution
		{3C9D91E9-6FF1-473C-9FE6-DE3EBF31647C}.Debug|Any CPU.ActiveCfg = Debug|Any CPU
		{3C9D91E9-6FF1-473C-9FE6-DE3EBF31647C}.Debug|Any CPU.Build.0 = Debug|Any CPU
		{3C9D91E9-6FF1-473C-9FE6-DE3EBF31647C}.Release|Any CPU.ActiveCfg = Release|Any CPU
		{3C9D91E9-6FF1-473C-9FE6-DE3EBF31647C}.Release|Any CPU.Build.0 = Release|Any CPU
	EndGlobalSection
	GlobalSection(SolutionProperties) = preSolution
		HideSolutionNode = FALSE
	EndGlobalSection
EndGlobal
